
Microsoft Visual Studio Solution File, Format Version 12.00
# Visual Studio Version 16
VisualStudioVersion = 16.0.29709.97
MinimumVisualStudioVersion = 10.0.40219.1
Project("{FAE04EC0-301F-11D3-BF4B-00C04F79EFBC}") = "ConsoleTest", "ConsoleTest\ConsoleTest.csproj", "{813B0378-7D7E-4B42-9936-AEC25AFD2145}"
EndProject
Project("{FAE04EC0-301F-11D3-BF4B-00C04F79EFBC}") = "RestSharpCore", "RestSharpCore\RestSharpCore.csproj", "{C5CEA898-5C5E-415C-9218-89E743785034}"
EndProject
Project("{FAE04EC0-301F-11D3-BF4B-00C04F79EFBC}") = "HubSpot", "HubSpot\HubSpot.csproj", "{C828C01E-A2E9-470A-99B4-B57093E0F225}"
EndProject
Project("{FAE04EC0-301F-11D3-BF4B-00C04F79EFBC}") = "HubSpotLib", "HubSpotLib\HubSpotLib.csproj", "{19C3F768-3C07-4F70-9741-424AA6AC6CD4}"
EndProject
Project("{FAE04EC0-301F-11D3-BF4B-00C04F79EFBC}") = "HubSpotLibTests", "HubSpotLibTests\HubSpotLibTests.csproj", "{72373B92-E248-4D1E-B032-D93F64480D29}"
EndProject
Global
	GlobalSection(SolutionConfigurationPlatforms) = preSolution
		Debug|Any CPU = Debug|Any CPU
		Release|Any CPU = Release|Any CPU
	EndGlobalSection
	GlobalSection(ProjectConfigurationPlatforms) = postSolution
		{813B0378-7D7E-4B42-9936-AEC25AFD2145}.Debug|Any CPU.ActiveCfg = Debug|Any CPU
		{813B0378-7D7E-4B42-9936-AEC25AFD2145}.Debug|Any CPU.Build.0 = Debug|Any CPU
		{813B0378-7D7E-4B42-9936-AEC25AFD2145}.Release|Any CPU.ActiveCfg = Release|Any CPU
		{813B0378-7D7E-4B42-9936-AEC25AFD2145}.Release|Any CPU.Build.0 = Release|Any CPU
		{C5CEA898-5C5E-415C-9218-89E743785034}.Debug|Any CPU.ActiveCfg = Debug|Any CPU
		{C5CEA898-5C5E-415C-9218-89E743785034}.Debug|Any CPU.Build.0 = Debug|Any CPU
		{C5CEA898-5C5E-415C-9218-89E743785034}.Release|Any CPU.ActiveCfg = Release|Any CPU
		{C5CEA898-5C5E-415C-9218-89E743785034}.Release|Any CPU.Build.0 = Release|Any CPU
		{C828C01E-A2E9-470A-99B4-B57093E0F225}.Debug|Any CPU.ActiveCfg = Debug|Any CPU
		{C828C01E-A2E9-470A-99B4-B57093E0F225}.Debug|Any CPU.Build.0 = Debug|Any CPU
		{C828C01E-A2E9-470A-99B4-B57093E0F225}.Release|Any CPU.ActiveCfg = Release|Any CPU
		{C828C01E-A2E9-470A-99B4-B57093E0F225}.Release|Any CPU.Build.0 = Release|Any CPU
		{19C3F768-3C07-4F70-9741-424AA6AC6CD4}.Debug|Any CPU.ActiveCfg = Debug|Any CPU
		{19C3F768-3C07-4F70-9741-424AA6AC6CD4}.Debug|Any CPU.Build.0 = Debug|Any CPU
		{19C3F768-3C07-4F70-9741-424AA6AC6CD4}.Release|Any CPU.ActiveCfg = Release|Any CPU
		{19C3F768-3C07-4F70-9741-424AA6AC6CD4}.Release|Any CPU.Build.0 = Release|Any CPU
		{72373B92-E248-4D1E-B032-D93F64480D29}.Debug|Any CPU.ActiveCfg = Debug|Any CPU
		{72373B92-E248-4D1E-B032-D93F64480D29}.Debug|Any CPU.Build.0 = Debug|Any CPU
		{72373B92-E248-4D1E-B032-D93F64480D29}.Release|Any CPU.ActiveCfg = Release|Any CPU
		{72373B92-E248-4D1E-B032-D93F64480D29}.Release|Any CPU.Build.0 = Release|Any CPU
	EndGlobalSection
	GlobalSection(SolutionProperties) = preSolution
		HideSolutionNode = FALSE
	EndGlobalSection
	GlobalSection(ExtensibilityGlobals) = postSolution
		SolutionGuid = {715D431C-06DF-4C27-900E-598C7ADF55B0}
	EndGlobalSection
EndGlobal
